Microsoft Visual Studio Solution File, Format Version 12.00
# Visual Studio Version 17
VisualStudioVersion = 17.5.2.0
MinimumVisualStudioVersion = 10.0.40219.1
Project("{FAE04EC0-301F-11D3-BF4B-00C04F79EFBC}") = "ShellBank", "ShellBank.csproj", "{30D06834-898F-788F-0084-54ABB9BD2ADF}"
EndProject
Global
	GlobalSection(SolutionConfigurationPlatforms) = preSolution
		Debug|Any CPU = Debug|Any CPU
		Release|Any CPU = Release|Any CPU
	EndGlobalSection
	GlobalSection(ProjectConfigurationPlatforms) = postSolution
		{30D06834-898F-788F-0084-54ABB9BD2ADF}.Debug|Any CPU.ActiveCfg = Debug|Any CPU
		{30D06834-898F-788F-0084-54ABB9BD2ADF}.Debug|Any CPU.Build.0 = Debug|Any CPU
		{30D06834-898F-788F-0084-54ABB9BD2ADF}.Release|Any CPU.ActiveCfg = Release|Any CPU
		{30D06834-898F-788F-0084-54ABB9BD2ADF}.Release|Any CPU.Build.0 = Release|Any CPU
	EndGlobalSection
	GlobalSection(SolutionProperties) = preSolution
		HideSolutionNode = FALSE
	EndGlobalSection
	GlobalSection(ExtensibilityGlobals) = postSolution
		SolutionGuid = {33885069-9C06-4690-95FD-154A257FEB43}
	EndGlobalSection
EndGlobal
